// !$*UTF8*$!
{
	archiveVersion = 1;
	classes = {
	};
	objectVersion = 48;
	objects = {

/* Begin PBXBuildFile section */
		3501EB8D1FBAC56600489919 /* XCNormalFooter.m in Sources */ = {isa = PBXBuildFile; fileRef = 3501EB631FBAC56600489919 /* XCNormalFooter.m */; };
		3501EB8E1FBAC56600489919 /* BaseViewController.m in Sources */ = {isa = PBXBuildFile; fileRef = 3501EB641FBAC56600489919 /* BaseViewController.m */; };
		3501EB8F1FBAC56600489919 /* BaseNavigationController.m in Sources */ = {isa = PBXBuildFile; fileRef = 3501EB661FBAC56600489919 /* BaseNavigationController.m */; };
		3501EB901FBAC56600489919 /* XCNormalHeader.m in Sources */ = {isa = PBXBuildFile; fileRef = 3501EB681FBAC56600489919 /* XCNormalHeader.m */; };
		3501EB911FBAC56600489919 /* MBProgressHUD+Extension.m in Sources */ = {isa = PBXBuildFile; fileRef = 3501EB6A1FBAC56600489919 /* MBProgressHUD+Extension.m */; };
		3501EB921FBAC56600489919 /* BaseTabBarController.m in Sources */ = {isa = PBXBuildFile; fileRef = 3501EB6C1FBAC56600489919 /* BaseTabBarController.m */; };
		3501EB931FBAC56600489919 /* MBProgressHUD.bundle in Resources */ = {isa = PBXBuildFile; fileRef = 3501EB6D1FBAC56600489919 /* MBProgressHUD.bundle */; };
		3501EB941FBAC56600489919 /* FLAnimatedImageView+WebCache.m in Sources */ = {isa = PBXBuildFile; fileRef = 3501EB711FBAC56600489919 /* FLAnimatedImageView+WebCache.m */; };
		3501EB951FBAC56600489919 /* UIView+XCCornerRadius.m in Sources */ = {isa = PBXBuildFile; fileRef = 3501EB731FBAC56600489919 /* UIView+XCCornerRadius.m */; };
		3501EB961FBAC56600489919 /* UIImage+Category.m in Sources */ = {isa = PBXBuildFile; fileRef = 3501EB761FBAC56600489919 /* UIImage+Category.m */; };
		3501EB971FBAC56600489919 /* UIButton+XCHelperBlock.m in Sources */ = {isa = PBXBuildFile; fileRef = 3501EB781FBAC56600489919 /* UIButton+XCHelperBlock.m */; };
		3501EB981FBAC56600489919 /* UIView+Layout.m in Sources */ = {isa = PBXBuildFile; fileRef = 3501EB791FBAC56600489919 /* UIView+Layout.m */; };
		3501EB991FBAC56600489919 /* UIButton+timer.m in Sources */ = {isa = PBXBuildFile; fileRef = 3501EB7C1FBAC56600489919 /* UIButton+timer.m */; };
		3501EB9A1FBAC56600489919 /* NSString+XCHelper.m in Sources */ = {isa = PBXBuildFile; fileRef = 3501EB7D1FBAC56600489919 /* NSString+XCHelper.m */; };
		3501EB9B1FBAC56600489919 /* NSArray+SafeExtension.m in Sources */ = {isa = PBXBuildFile; fileRef = 3501EB7E1FBAC56600489919 /* NSArray+SafeExtension.m */; };
		3501EB9C1FBAC56600489919 /* UILabel+XCHelper.m in Sources */ = {isa = PBXBuildFile; fileRef = 3501EB7F1FBAC56600489919 /* UILabel+XCHelper.m */; };
		3501EB9D1FBAC56600489919 /* UICollectionView+XCPlaceholderView.m in Sources */ = {isa = PBXBuildFile; fileRef = 3501EB811FBAC56600489919 /* UICollectionView+XCPlaceholderView.m */; };
		3501EB9E1FBAC56600489919 /* UIView+XCHelper.m in Sources */ = {isa = PBXBuildFile; fileRef = 3501EB831FBAC56600489919 /* UIView+XCHelper.m */; };
		3501EB9F1FBAC56600489919 /* UIAlertController+Color.m in Sources */ = {isa = PBXBuildFile; fileRef = 3501EB851FBAC56600489919 /* UIAlertController+Color.m */; };
		3501EBA01FBAC56600489919 /* UITableView+XCPlaceholderView.m in Sources */ = {isa = PBXBuildFile; fileRef = 3501EB8B1FBAC56600489919 /* UITableView+XCPlaceholderView.m */; };
		3501EBA11FBAC56600489919 /* NSObject+XCMethodSwizzle.m in Sources */ = {isa = PBXBuildFile; fileRef = 3501EB8C1FBAC56600489919 /* NSObject+XCMethodSwizzle.m */; };
		351EF0971FD0EAD100A1404D /* ItemViewController.m in Sources */ = {isa = PBXBuildFile; fileRef = 351EF0961FD0EAD100A1404D /* ItemViewController.m */; };
		351EF09A1FD0F8F800A1404D /* ItemView.m in Sources */ = {isa = PBXBuildFile; fileRef = 351EF0991FD0F8F800A1404D /* ItemView.m */; };
		3533194C1FC2BA350089487F /* DungeonContentModel.m in Sources */ = {isa = PBXBuildFile; fileRef = 3533194B1FC2BA350089487F /* DungeonContentModel.m */; };
		3533194F1FC2BAB70089487F /* DungeonContentView.m in Sources */ = {isa = PBXBuildFile; fileRef = 3533194E1FC2BAB70089487F /* DungeonContentView.m */; };
		3553C1571FBC428D00A3BEA8 /* DungeonTableViewCell.m in Sources */ = {isa = PBXBuildFile; fileRef = 3553C1561FBC428D00A3BEA8 /* DungeonTableViewCell.m */; };
		3553C29C1FBEC824004450B0 /* DungeonContentController.m in Sources */ = {isa = PBXBuildFile; fileRef = 3553C29B1FBEC824004450B0 /* DungeonContentController.m */; };
		3564A94C1FBAB2FA00A49800 /* AppDelegate.m in Sources */ = {isa = PBXBuildFile; fileRef = 3564A94B1FBAB2FA00A49800 /* AppDelegate.m */; };
		3564A9521FBAB2FA00A49800 /* Main.storyboard in Resources */ = {isa = PBXBuildFile; fileRef = 3564A9501FBAB2FA00A49800 /* Main.storyboard */; };
		3564A9541FBAB2FA00A49800 /* Assets.xcassets in Resources */ = {isa = PBXBuildFile; fileRef = 3564A9531FBAB2FA00A49800 /* Assets.xcassets */; };
		3564A9571FBAB2FA00A49800 /* LaunchScreen.storyboard in Resources */ = {isa = PBXBuildFile; fileRef = 3564A9551FBAB2FA00A49800 /* LaunchScreen.storyboard */; };
		3564A95A1FBAB2FA00A49800 /* main.m in Sources */ = {isa = PBXBuildFile; fileRef = 3564A9591FBAB2FA00A49800 /* main.m */; };
		3564A9641FBAB2FA00A49800 /* FF14RaidersTests.m in Sources */ = {isa = PBXBuildFile; fileRef = 3564A9631FBAB2FA00A49800 /* FF14RaidersTests.m */; };
		3564A96F1FBAB2FA00A49800 /* FF14RaidersUITests.m in Sources */ = {isa = PBXBuildFile; fileRef = 3564A96E1FBAB2FA00A49800 /* FF14RaidersUITests.m */; };
		3588D12A1FC9B37D0084F71B /* BaseNetworking.m in Sources */ = {isa = PBXBuildFile; fileRef = 3588D1291FC9B37D0084F71B /* BaseNetworking.m */; };
		35A382EC1FC5056100246AB3 /* DungeonBossModel.m in Sources */ = {isa = PBXBuildFile; fileRef = 35A382EB1FC5056100246AB3 /* DungeonBossModel.m */; };
		35C934061FBD8D9900675D06 /* DungeonModel.m in Sources */ = {isa = PBXBuildFile; fileRef = 35C934051FBD8D9900675D06 /* DungeonModel.m */; };
		35EE63CF1FCF9D29000A7DBA /* ItemsCollectionController.m in Sources */ = {isa = PBXBuildFile; fileRef = 35EE63CE1FCF9D29000A7DBA /* ItemsCollectionController.m */; };
		35EE63D21FCF9D41000A7DBA /* ItemsCollectionCell.m in Sources */ = {isa = PBXBuildFile; fileRef = 35EE63D11FCF9D41000A7DBA /* ItemsCollectionCell.m */; };
		35EE63D51FCFCF16000A7DBA /* ItemModel.m in Sources */ = {isa = PBXBuildFile; fileRef = 35EE63D41FCFCF16000A7DBA /* ItemModel.m */; };
		35F00E351FBAD21E000B922A /* DungeonViewController.m in Sources */ = {isa = PBXBuildFile; fileRef = 35F00E341FBAD21E000B922A /* DungeonViewController.m */; };
		35F00E441FBAEA4C000B922A /* AnnihilationController.m in Sources */ = {isa = PBXBuildFile; fileRef = 35F00E431FBAEA4C000B922A /* AnnihilationController.m */; };
		35F00E471FBAEA5B000B922A /* OccupationController.m in Sources */ = {isa = PBXBuildFile; fileRef = 35F00E461FBAEA5B000B922A /* OccupationController.m */; };
		35F00E4A1FBAEA90000B922A /* ProductionController.m in Sources */ = {isa = PBXBuildFile; fileRef = 35F00E491FBAEA90000B922A /* ProductionController.m */; };
		35F0815C1FCBC21E00215F6A /* DungeonBossView.m in Sources */ = {isa = PBXBuildFile; fileRef = 35F0815B1FCBC21E00215F6A /* DungeonBossView.m */; };
		46A4B32BE02132855686E811 /* Pods_FF14RaidersTests.framework in Frameworks */ = {isa = PBXBuildFile; fileRef = 9D628D661A378CBB6AA2B3FC /* Pods_FF14RaidersTests.framework */; };
		79BA8EC48E336305336EFD24 /* Pods_FF14RaidersUITests.framework in Frameworks */ = {isa = PBXBuildFile; fileRef = 5EB52EB1D0F563D42E000CF1 /* Pods_FF14RaidersUITests.framework */; };
		B56CCBD286CB202C7ED456FE /* Pods_FF14Raiders.framework in Frameworks */ = {isa = PBXBuildFile; fileRef = 5299E0467445F31454780B01 /* Pods_FF14Raiders.framework */; };
		B75540D81FE3757400D36269 /* AnnihilationCell.m in Sources */ = {isa = PBXBuildFile; fileRef = B75540D71FE3757400D36269 /* AnnihilationCell.m */; };
		B75540DB1FE37C1600D36269 /* AnnihilationCellModel.m in Sources */ = {isa = PBXBuildFile; fileRef = B75540DA1FE37C1600D36269 /* AnnihilationCellModel.m */; };
		B75540DE1FE3A98400D36269 /* AnnihilationContentController.m in Sources */ = {isa = PBXBuildFile; fileRef = B75540DD1FE3A98400D36269 /* AnnihilationContentController.m */; };
/* End PBXBuildFile section */

/* Begin PBXContainerItemProxy section */
		3564A9601FBAB2FA00A49800 /* PBXContainerItemProxy */ = {
			isa = PBXContainerItemProxy;
			containerPortal = 3564A93F1FBAB2F900A49800 /* Project object */;
			proxyType = 1;
			remoteGlobalIDString = 3564A9461FBAB2FA00A49800;
			remoteInfo = FF14Raiders;
		};
		3564A96B1FBAB2FA00A49800 /* PBXContainerItemProxy */ = {
			isa = PBXContainerItemProxy;
			containerPortal = 3564A93F1FBAB2F900A49800 /* Project object */;
			proxyType = 1;
			remoteGlobalIDString = 3564A9461FBAB2FA00A49800;
			remoteInfo = FF14Raiders;
		};
/* End PBXContainerItemProxy section */

/* Begin PBXFileReference section */
		1AEB0AA85603A167B00E7928 /* Pods-FF14Raiders.debug.xcconfig */ = {isa = PBXFileReference; includeInIndex = 1; lastKnownFileType = text.xcconfig; name = "Pods-FF14Raiders.debug.xcconfig"; path = "Pods/Target Support Files/Pods-FF14Raiders/Pods-FF14Raiders.debug.xcconfig"; sourceTree = "<group>"; };
		3501EB631FBAC56600489919 /* XCNormalFooter.m */ = {isa = PBXFileReference; fileEncoding = 4; lastKnownFileType = sourcecode.c.objc; path = XCNormalFooter.m; sourceTree = "<group>"; };
		3501EB641FBAC56600489919 /* BaseViewController.m */ = {isa = PBXFileReference; fileEncoding = 4; lastKnownFileType = sourcecode.c.objc; path = BaseViewController.m; sourceTree = "<group>"; };
		3501EB651FBAC56600489919 /* BaseTabBarController.h */ = {isa = PBXFileReference; fileEncoding = 4; lastKnownFileType = sourcecode.c.h; path = BaseTabBarController.h; sourceTree = "<group>"; };
		3501EB661FBAC56600489919 /* BaseNavigationController.m */ = {isa = PBXFileReference; fileEncoding = 4; lastKnownFileType = sourcecode.c.objc; path = BaseNavigationController.m; sourceTree = "<group>"; };
		3501EB671FBAC56600489919 /* MBProgressHUD+Extension.h */ = {isa = PBXFileReference; fileEncoding = 4; lastKnownFileType = sourcecode.c.h; path = "MBProgressHUD+Extension.h"; sourceTree = "<group>"; };
		3501EB681FBAC56600489919 /* XCNormalHeader.m */ = {isa = PBXFileReference; fileEncoding = 4; lastKnownFileType = sourcecode.c.objc; path = XCNormalHeader.m; sourceTree = "<group>"; };
		3501EB691FBAC56600489919 /* XCNormalHeader.h */ = {isa = PBXFileReference; fileEncoding = 4; lastKnownFileType = sourcecode.c.h; path = XCNormalHeader.h; sourceTree = "<group>"; };
		3501EB6A1FBAC56600489919 /* MBProgressHUD+Extension.m */ = {isa = PBXFileReference; fileEncoding = 4; lastKnownFileType = sourcecode.c.objc; path = "MBProgressHUD+Extension.m"; sourceTree = "<group>"; };
		3501EB6B1FBAC56600489919 /* BaseNavigationController.h */ = {isa = PBXFileReference; fileEncoding = 4; lastKnownFileType = sourcecode.c.h; path = BaseNavigationController.h; sourceTree = "<group>"; };
		3501EB6C1FBAC56600489919 /* BaseTabBarController.m */ = {isa = PBXFileReference; fileEncoding = 4; lastKnownFileType = sourcecode.c.objc; path = BaseTabBarController.m; sourceTree = "<group>"; };
		3501EB6D1FBAC56600489919 /* MBProgressHUD.bundle */ = {isa = PBXFileReference; lastKnownFileType = "wrapper.plug-in"; path = MBProgressHUD.bundle; sourceTree = "<group>"; };
		3501EB6E1FBAC56600489919 /* XCNormalFooter.h */ = {isa = PBXFileReference; fileEncoding = 4; lastKnownFileType = sourcecode.c.h; path = XCNormalFooter.h; sourceTree = "<group>"; };
		3501EB6F1FBAC56600489919 /* BaseViewController.h */ = {isa = PBXFileReference; fileEncoding = 4; lastKnownFileType = sourcecode.c.h; path = BaseViewController.h; sourceTree = "<group>"; };
		3501EB711FBAC56600489919 /* FLAnimatedImageView+WebCache.m */ = {isa = PBXFileReference; fileEncoding = 4; lastKnownFileType = sourcecode.c.objc; path = "FLAnimatedImageView+WebCache.m"; sourceTree = "<group>"; };
		3501EB721FBAC56600489919 /* UICollectionView+XCPlaceholderView.h */ = {isa = PBXFileReference; fileEncoding = 4; lastKnownFileType = sourcecode.c.h; path = "UICollectionView+XCPlaceholderView.h"; sourceTree = "<group>"; };
		3501EB731FBAC56600489919 /* UIView+XCCornerRadius.m */ = {isa = PBXFileReference; fileEncoding = 4; lastKnownFileType = sourcecode.c.objc; path = "UIView+XCCornerRadius.m"; sourceTree = "<group>"; };
		3501EB741FBAC56600489919 /* UILabel+XCHelper.h */ = {isa = PBXFileReference; fileEncoding = 4; lastKnownFileType = sourcecode.c.h; path = "UILabel+XCHelper.h"; sourceTree = "<group>"; };
		3501EB751FBAC56600489919 /* UIAlertController+Color.h */ = {isa = PBXFileReference; fileEncoding = 4; lastKnownFileType = sourcecode.c.h; path = "UIAlertController+Color.h"; sourceTree = "<group>"; };
		3501EB761FBAC56600489919 /* UIImage+Category.m */ = {isa = PBXFileReference; fileEncoding = 4; lastKnownFileType = sourcecode.c.objc; path = "UIImage+Category.m"; sourceTree = "<group>"; };
		3501EB771FBAC56600489919 /* UIView+XCHelper.h */ = {isa = PBXFileReference; fileEncoding = 4; lastKnownFileType = sourcecode.c.h; path = "UIView+XCHelper.h"; sourceTree = "<group>"; };
		3501EB781FBAC56600489919 /* UIButton+XCHelperBlock.m */ = {isa = PBXFileReference; fileEncoding = 4; lastKnownFileType = sourcecode.c.objc; path = "UIButton+XCHelperBlock.m"; sourceTree = "<group>"; };
		3501EB791FBAC56600489919 /* UIView+Layout.m */ = {isa = PBXFileReference; fileEncoding = 4; lastKnownFileType = sourcecode.c.objc; path = "UIView+Layout.m"; sourceTree = "<group>"; };
		3501EB7A1FBAC56600489919 /* NSObject+XCMethodSwizzle.h */ = {isa = PBXFileReference; fileEncoding = 4; lastKnownFileType = sourcecode.c.h; path = "NSObject+XCMethodSwizzle.h"; sourceTree = "<group>"; };
		3501EB7B1FBAC56600489919 /* UITableView+XCPlaceholderView.h */ = {isa = PBXFileReference; fileEncoding = 4; lastKnownFileType = sourcecode.c.h; path = "UITableView+XCPlaceholderView.h"; sourceTree = "<group>"; };
		3501EB7C1FBAC56600489919 /* UIButton+timer.m */ = {isa = PBXFileReference; fileEncoding = 4; lastKnownFileType = sourcecode.c.objc; path = "UIButton+timer.m"; sourceTree = "<group>"; };
		3501EB7D1FBAC56600489919 /* NSString+XCHelper.m */ = {isa = PBXFileReference; fileEncoding = 4; lastKnownFileType = sourcecode.c.objc; path = "NSString+XCHelper.m"; sourceTree = "<group>"; };
		3501EB7E1FBAC56600489919 /* NSArray+SafeExtension.m */ = {isa = PBXFileReference; fileEncoding = 4; lastKnownFileType = sourcecode.c.objc; path = "NSArray+SafeExtension.m"; sourceTree = "<group>"; };
		3501EB7F1FBAC56600489919 /* UILabel+XCHelper.m */ = {isa = PBXFileReference; fileEncoding = 4; lastKnownFileType = sourcecode.c.objc; path = "UILabel+XCHelper.m"; sourceTree = "<group>"; };
		3501EB801FBAC56600489919 /* UIView+XCCornerRadius.h */ = {isa = PBXFileReference; fileEncoding = 4; lastKnownFileType = sourcecode.c.h; path = "UIView+XCCornerRadius.h"; sourceTree = "<group>"; };
		3501EB811FBAC56600489919 /* UICollectionView+XCPlaceholderView.m */ = {isa = PBXFileReference; fileEncoding = 4; lastKnownFileType = sourcecode.c.objc; path = "UICollectionView+XCPlaceholderView.m"; sourceTree = "<group>"; };
		3501EB821FBAC56600489919 /* FLAnimatedImageView+WebCache.h */ = {isa = PBXFileReference; fileEncoding = 4; lastKnownFileType = sourcecode.c.h; path = "FLAnimatedImageView+WebCache.h"; sourceTree = "<group>"; };
		3501EB831FBAC56600489919 /* UIView+XCHelper.m */ = {isa = PBXFileReference; fileEncoding = 4; lastKnownFileType = sourcecode.c.objc; path = "UIView+XCHelper.m"; sourceTree = "<group>"; };
		3501EB841FBAC56600489919 /* UIImage+Category.h */ = {isa = PBXFileReference; fileEncoding = 4; lastKnownFileType = sourcecode.c.h; path = "UIImage+Category.h"; sourceTree = "<group>"; };
		3501EB851FBAC56600489919 /* UIAlertController+Color.m */ = {isa = PBXFileReference; fileEncoding = 4; lastKnownFileType = sourcecode.c.objc; path = "UIAlertController+Color.m"; sourceTree = "<group>"; };
		3501EB861FBAC56600489919 /* UIView+Layout.h */ = {isa = PBXFileReference; fileEncoding = 4; lastKnownFileType = sourcecode.c.h; path = "UIView+Layout.h"; sourceTree = "<group>"; };
		3501EB871FBAC56600489919 /* UIButton+XCHelperBlock.h */ = {isa = PBXFileReference; fileEncoding = 4; lastKnownFileType = sourcecode.c.h; path = "UIButton+XCHelperBlock.h"; sourceTree = "<group>"; };
		3501EB881FBAC56600489919 /* NSArray+SafeExtension.h */ = {isa = PBXFileReference; fileEncoding = 4; lastKnownFileType = sourcecode.c.h; path = "NSArray+SafeExtension.h"; sourceTree = "<group>"; };
		3501EB891FBAC56600489919 /* NSString+XCHelper.h */ = {isa = PBXFileReference; fileEncoding = 4; lastKnownFileType = sourcecode.c.h; path = "NSString+XCHelper.h"; sourceTree = "<group>"; };
		3501EB8A1FBAC56600489919 /* UIButton+timer.h */ = {isa = PBXFileReference; fileEncoding = 4; lastKnownFileType = sourcecode.c.h; path = "UIButton+timer.h"; sourceTree = "<group>"; };
		3501EB8B1FBAC56600489919 /* UITableView+XCPlaceholderView.m */ = {isa = PBXFileReference; fileEncoding = 4; lastKnownFileType = sourcecode.c.objc; path = "UITableView+XCPlaceholderView.m"; sourceTree = "<group>"; };
		3501EB8C1FBAC56600489919 /* NSObject+XCMethodSwizzle.m */ = {isa = PBXFileReference; fileEncoding = 4; lastKnownFileType = sourcecode.c.objc; path = "NSObject+XCMethodSwizzle.m"; sourceTree = "<group>"; };
		351EF0951FD0EAD100A1404D /* ItemViewController.h */ = {isa = PBXFileReference; lastKnownFileType = sourcecode.c.h; path = ItemViewController.h; sourceTree = "<group>"; };
		351EF0961FD0EAD100A1404D /* ItemViewController.m */ = {isa = PBXFileReference; lastKnownFileType = sourcecode.c.objc; path = ItemViewController.m; sourceTree = "<group>"; };
		351EF0981FD0F8F800A1404D /* ItemView.h */ = {isa = PBXFileReference; lastKnownFileType = sourcecode.c.h; path = ItemView.h; sourceTree = "<group>"; };
		351EF0991FD0F8F800A1404D /* ItemView.m */ = {isa = PBXFileReference; lastKnownFileType = sourcecode.c.objc; path = ItemView.m; sourceTree = "<group>"; };
		3533194A1FC2BA350089487F /* DungeonContentModel.h */ = {isa = PBXFileReference; lastKnownFileType = sourcecode.c.h; path = DungeonContentModel.h; sourceTree = "<group>"; };
		3533194B1FC2BA350089487F /* DungeonContentModel.m */ = {isa = PBXFileReference; lastKnownFileType = sourcecode.c.objc; path = DungeonContentModel.m; sourceTree = "<group>"; };
		3533194D1FC2BAB70089487F /* DungeonContentView.h */ = {isa = PBXFileReference; lastKnownFileType = sourcecode.c.h; path = DungeonContentView.h; sourceTree = "<group>"; };
		3533194E1FC2BAB70089487F /* DungeonContentView.m */ = {isa = PBXFileReference; lastKnownFileType = sourcecode.c.objc; path = DungeonContentView.m; sourceTree = "<group>"; };
		3553C1551FBC428D00A3BEA8 /* DungeonTableViewCell.h */ = {isa = PBXFileReference; lastKnownFileType = sourcecode.c.h; path = DungeonTableViewCell.h; sourceTree = "<group>"; };
		3553C1561FBC428D00A3BEA8 /* DungeonTableViewCell.m */ = {isa = PBXFileReference; lastKnownFileType = sourcecode.c.objc; path = DungeonTableViewCell.m; sourceTree = "<group>"; };
		3553C29A1FBEC824004450B0 /* DungeonContentController.h */ = {isa = PBXFileReference; lastKnownFileType = sourcecode.c.h; path = DungeonContentController.h; sourceTree = "<group>"; };
		3553C29B1FBEC824004450B0 /* DungeonContentController.m */ = {isa = PBXFileReference; lastKnownFileType = sourcecode.c.objc; path = DungeonContentController.m; sourceTree = "<group>"; };
		3564A9471FBAB2FA00A49800 /* FF14Raiders.app */ = {isa = PBXFileReference; explicitFileType = wrapper.application; includeInIndex = 0; path = FF14Raiders.app; sourceTree = BUILT_PRODUCTS_DIR; };
		3564A94A1FBAB2FA00A49800 /* AppDelegate.h */ = {isa = PBXFileReference; lastKnownFileType = sourcecode.c.h; path = AppDelegate.h; sourceTree = "<group>"; };
		3564A94B1FBAB2FA00A49800 /* AppDelegate.m */ = {isa = PBXFileReference; lastKnownFileType = sourcecode.c.objc; path = AppDelegate.m; sourceTree = "<group>"; };
		3564A9511FBAB2FA00A49800 /* Base */ = {isa = PBXFileReference; lastKnownFileType = file.storyboard; name = Base; path = Base.lproj/Main.storyboard; sourceTree = "<group>"; };
		3564A9531FBAB2FA00A49800 /* Assets.xcassets */ = {isa = PBXFileReference; lastKnownFileType = folder.assetcatalog; path = Assets.xcassets; sourceTree = "<group>"; };
		3564A9561FBAB2FA00A49800 /* Base */ = {isa = PBXFileReference; lastKnownFileType = file.storyboard; name = Base; path = Base.lproj/LaunchScreen.storyboard; sourceTree = "<group>"; };
		3564A9581FBAB2FA00A49800 /* Info.plist */ = {isa = PBXFileReference; lastKnownFileType = text.plist.xml; path = Info.plist; sourceTree = "<group>"; };
		3564A9591FBAB2FA00A49800 /* main.m */ = {isa = PBXFileReference; lastKnownFileType = sourcecode.c.objc; path = main.m; sourceTree = "<group>"; };
		3564A95F1FBAB2FA00A49800 /* FF14RaidersTests.xctest */ = {isa = PBXFileReference; explicitFileType = wrapper.cfbundle; includeInIndex = 0; path = FF14RaidersTests.xctest; sourceTree = BUILT_PRODUCTS_DIR; };
		3564A9631FBAB2FA00A49800 /* FF14RaidersTests.m */ = {isa = PBXFileReference; lastKnownFileType = sourcecode.c.objc; path = FF14RaidersTests.m; sourceTree = "<group>"; };
		3564A9651FBAB2FA00A49800 /* Info.plist */ = {isa = PBXFileReference; lastKnownFileType = text.plist.xml; path = Info.plist; sourceTree = "<group>"; };
		3564A96A1FBAB2FA00A49800 /* FF14RaidersUITests.xctest */ = {isa = PBXFileReference; explicitFileType = wrapper.cfbundle; includeInIndex = 0; path = FF14RaidersUITests.xctest; sourceTree = BUILT_PRODUCTS_DIR; };
		3564A96E1FBAB2FA00A49800 /* FF14RaidersUITests.m */ = {isa = PBXFileReference; lastKnownFileType = sourcecode.c.objc; path = FF14RaidersUITests.m; sourceTree = "<group>"; };
		3564A9701FBAB2FA00A49800 /* Info.plist */ = {isa = PBXFileReference; lastKnownFileType = text.plist.xml; path = Info.plist; sourceTree = "<group>"; };
		3588D1281FC9B37D0084F71B /* BaseNetworking.h */ = {isa = PBXFileReference; lastKnownFileType = sourcecode.c.h; path = BaseNetworking.h; sourceTree = "<group>"; };
		3588D1291FC9B37D0084F71B /* BaseNetworking.m */ = {isa = PBXFileReference; lastKnownFileType = sourcecode.c.objc; path = BaseNetworking.m; sourceTree = "<group>"; };
		35A382EA1FC5056100246AB3 /* DungeonBossModel.h */ = {isa = PBXFileReference; lastKnownFileType = sourcecode.c.h; path = DungeonBossModel.h; sourceTree = "<group>"; };
		35A382EB1FC5056100246AB3 /* DungeonBossModel.m */ = {isa = PBXFileReference; lastKnownFileType = sourcecode.c.objc; path = DungeonBossModel.m; sourceTree = "<group>"; };
		35C934041FBD8D9900675D06 /* DungeonModel.h */ = {isa = PBXFileReference; lastKnownFileType = sourcecode.c.h; path = DungeonModel.h; sourceTree = "<group>"; };
		35C934051FBD8D9900675D06 /* DungeonModel.m */ = {isa = PBXFileReference; lastKnownFileType = sourcecode.c.objc; path = DungeonModel.m; sourceTree = "<group>"; };
		35EE63CD1FCF9D29000A7DBA /* ItemsCollectionController.h */ = {isa = PBXFileReference; lastKnownFileType = sourcecode.c.h; path = ItemsCollectionController.h; sourceTree = "<group>"; };
		35EE63CE1FCF9D29000A7DBA /* ItemsCollectionController.m */ = {isa = PBXFileReference; lastKnownFileType = sourcecode.c.objc; path = ItemsCollectionController.m; sourceTree = "<group>"; };
		35EE63D01FCF9D41000A7DBA /* ItemsCollectionCell.h */ = {isa = PBXFileReference; lastKnownFileType = sourcecode.c.h; path = ItemsCollectionCell.h; sourceTree = "<group>"; };
		35EE63D11FCF9D41000A7DBA /* ItemsCollectionCell.m */ = {isa = PBXFileReference; lastKnownFileType = sourcecode.c.objc; path = ItemsCollectionCell.m; sourceTree = "<group>"; };
		35EE63D31FCFCF16000A7DBA /* ItemModel.h */ = {isa = PBXFileReference; lastKnownFileType = sourcecode.c.h; path = ItemModel.h; sourceTree = "<group>"; };
		35EE63D41FCFCF16000A7DBA /* ItemModel.m */ = {isa = PBXFileReference; lastKnownFileType = sourcecode.c.objc; path = ItemModel.m; sourceTree = "<group>"; };
		35F00E2C1FBACCF9000B922A /* AppInformation.h */ = {isa = PBXFileReference; lastKnownFileType = sourcecode.c.h; path = AppInformation.h; sourceTree = "<group>"; };
		35F00E2D1FBACCF9000B922A /* AppUIInformation.h */ = {isa = PBXFileReference; lastKnownFileType = sourcecode.c.h; path = AppUIInformation.h; sourceTree = "<group>"; };
		35F00E2E1FBACD05000B922A /* PrefixHeader.pch */ = {isa = PBXFileReference; lastKnownFileType = sourcecode.c.h; path = PrefixHeader.pch; sourceTree = "<group>"; };
		35F00E331FBAD21E000B922A /* DungeonViewController.h */ = {isa = PBXFileReference; lastKnownFileType = sourcecode.c.h; path = DungeonViewController.h; sourceTree = "<group>"; };
		35F00E341FBAD21E000B922A /* DungeonViewController.m */ = {isa = PBXFileReference; lastKnownFileType = sourcecode.c.objc; path = DungeonViewController.m; sourceTree = "<group>"; };
		35F00E421FBAEA4C000B922A /* AnnihilationController.h */ = {isa = PBXFileReference; lastKnownFileType = sourcecode.c.h; path = AnnihilationController.h; sourceTree = "<group>"; };
		35F00E431FBAEA4C000B922A /* AnnihilationController.m */ = {isa = PBXFileReference; lastKnownFileType = sourcecode.c.objc; path = AnnihilationController.m; sourceTree = "<group>"; };
		35F00E451FBAEA5B000B922A /* OccupationController.h */ = {isa = PBXFileReference; lastKnownFileType = sourcecode.c.h; path = OccupationController.h; sourceTree = "<group>"; };
		35F00E461FBAEA5B000B922A /* OccupationController.m */ = {isa = PBXFileReference; lastKnownFileType = sourcecode.c.objc; path = OccupationController.m; sourceTree = "<group>"; };
		35F00E481FBAEA90000B922A /* ProductionController.h */ = {isa = PBXFileReference; lastKnownFileType = sourcecode.c.h; path = ProductionController.h; sourceTree = "<group>"; };
		35F00E491FBAEA90000B922A /* ProductionController.m */ = {isa = PBXFileReference; lastKnownFileType = sourcecode.c.objc; path = ProductionController.m; sourceTree = "<group>"; };
		35F0815A1FCBC21E00215F6A /* DungeonBossView.h */ = {isa = PBXFileReference; lastKnownFileType = sourcecode.c.h; path = DungeonBossView.h; sourceTree = "<group>"; };
		35F0815B1FCBC21E00215F6A /* DungeonBossView.m */ = {isa = PBXFileReference; lastKnownFileType = sourcecode.c.objc; path = DungeonBossView.m; sourceTree = "<group>"; };
		4D9A58E2305EFBBCC14269BF /* Pods-FF14RaidersTests.release.xcconfig */ = {isa = PBXFileReference; includeInIndex = 1; lastKnownFileType = text.xcconfig; name = "Pods-FF14RaidersTests.release.xcconfig"; path = "Pods/Target Support Files/Pods-FF14RaidersTests/Pods-FF14RaidersTests.release.xcconfig"; sourceTree = "<group>"; };
		5299E0467445F31454780B01 /* Pods_FF14Raiders.framework */ = {isa = PBXFileReference; explicitFileType = wrapper.framework; includeInIndex = 0; path = Pods_FF14Raiders.framework; sourceTree = BUILT_PRODUCTS_DIR; };
		5EB52EB1D0F563D42E000CF1 /* Pods_FF14RaidersUITests.framework */ = {isa = PBXFileReference; explicitFileType = wrapper.framework; includeInIndex = 0; path = Pods_FF14RaidersUITests.framework; sourceTree = BUILT_PRODUCTS_DIR; };
		7FFF6822537B4B4D2733E27B /* Pods-FF14RaidersUITests.debug.xcconfig */ = {isa = PBXFileReference; includeInIndex = 1; lastKnownFileType = text.xcconfig; name = "Pods-FF14RaidersUITests.debug.xcconfig"; path = "Pods/Target Support Files/Pods-FF14RaidersUITests/Pods-FF14RaidersUITests.debug.xcconfig"; sourceTree = "<group>"; };
		9D628D661A378CBB6AA2B3FC /* Pods_FF14RaidersTests.framework */ = {isa = PBXFileReference; explicitFileType = wrapper.framework; includeInIndex = 0; path = Pods_FF14RaidersTests.framework; sourceTree = BUILT_PRODUCTS_DIR; };
		B75540D61FE3757400D36269 /* AnnihilationCell.h */ = {isa = PBXFileReference; lastKnownFileType = sourcecode.c.h; path = AnnihilationCell.h; sourceTree = "<group>"; };
		B75540D71FE3757400D36269 /* AnnihilationCell.m */ = {isa = PBXFileReference; lastKnownFileType = sourcecode.c.objc; path = AnnihilationCell.m; sourceTree = "<group>"; };
		B75540D91FE37C1600D36269 /* AnnihilationCellModel.h */ = {isa = PBXFileReference; lastKnownFileType = sourcecode.c.h; path = AnnihilationCellModel.h; sourceTree = "<group>"; };
		B75540DA1FE37C1600D36269 /* AnnihilationCellModel.m */ = {isa = PBXFileReference; lastKnownFileType = sourcecode.c.objc; path = AnnihilationCellModel.m; sourceTree = "<group>"; };
		B75540DC1FE3A98400D36269 /* AnnihilationContentController.h */ = {isa = PBXFileReference; lastKnownFileType = sourcecode.c.h; path = AnnihilationContentController.h; sourceTree = "<group>"; };
		B75540DD1FE3A98400D36269 /* AnnihilationContentController.m */ = {isa = PBXFileReference; lastKnownFileType = sourcecode.c.objc; path = AnnihilationContentController.m; sourceTree = "<group>"; };
		C37F31C6883F7E6D6D854D8C /* Pods-FF14Raiders.release.xcconfig */ = {isa = PBXFileReference; includeInIndex = 1; lastKnownFileType = text.xcconfig; name = "Pods-FF14Raiders.release.xcconfig"; path = "Pods/Target Support Files/Pods-FF14Raiders/Pods-FF14Raiders.release.xcconfig"; sourceTree = "<group>"; };
		CB275DF7CE5B9C1A618A81EC /* Pods-FF14RaidersTests.debug.xcconfig */ = {isa = PBXFileReference; includeInIndex = 1; lastKnownFileType = text.xcconfig; name = "Pods-FF14RaidersTests.debug.xcconfig"; path = "Pods/Target Support Files/Pods-FF14RaidersTests/Pods-FF14RaidersTests.debug.xcconfig"; sourceTree = "<group>"; };
		D49A8DED29F12ECF23C460C0 /* Pods-FF14RaidersUITests.release.xcconfig */ = {isa = PBXFileReference; includeInIndex = 1; lastKnownFileType = text.xcconfig; name = "Pods-FF14RaidersUITests.release.xcconfig"; path = "Pods/Target Support Files/Pods-FF14RaidersUITests/Pods-FF14RaidersUITests.release.xcconfig"; sourceTree = "<group>"; };
/* End PBXFileReference section */

/* Begin PBXFrameworksBuildPhase section */
		3564A9441FBAB2FA00A49800 /* Frameworks */ = {
			isa = PBXFrameworksBuildPhase;
			buildActionMask = 2147483647;
			files = (
				B56CCBD286CB202C7ED456FE /* Pods_FF14Raiders.framework in Frameworks */,
			);
			runOnlyForDeploymentPostprocessing = 0;
		};
		3564A95C1FBAB2FA00A49800 /* Frameworks */ = {
			isa = PBXFrameworksBuildPhase;
			buildActionMask = 2147483647;
			files = (
				46A4B32BE02132855686E811 /* Pods_FF14RaidersTests.framework in Frameworks */,
			);
			runOnlyForDeploymentPostprocessing = 0;
		};
		3564A9671FBAB2FA00A49800 /* Frameworks */ = {
			isa = PBXFrameworksBuildPhase;
			buildActionMask = 2147483647;
			files = (
				79BA8EC48E336305336EFD24 /* Pods_FF14RaidersUITests.framework in Frameworks */,
			);
			runOnlyForDeploymentPostprocessing = 0;
		};
/* End PBXFrameworksBuildPhase section */

/* Begin PBXGroup section */
		22865EF76861A7FC8DAF3CFD /* Frameworks */ = {
			isa = PBXGroup;
			children = (
				5299E0467445F31454780B01 /* Pods_FF14Raiders.framework */,
				9D628D661A378CBB6AA2B3FC /* Pods_FF14RaidersTests.framework */,
				5EB52EB1D0F563D42E000CF1 /* Pods_FF14RaidersUITests.framework */,
			);
			name = Frameworks;
			sourceTree = "<group>";
		};
		3501EB621FBAC56600489919 /* CommonClass */ = {
			isa = PBXGroup;
			children = (
				3501EB631FBAC56600489919 /* XCNormalFooter.m */,
				3501EB641FBAC56600489919 /* BaseViewController.m */,
				3501EB651FBAC56600489919 /* BaseTabBarController.h */,
				3501EB6C1FBAC56600489919 /* BaseTabBarController.m */,
				3501EB661FBAC56600489919 /* BaseNavigationController.m */,
				3501EB671FBAC56600489919 /* MBProgressHUD+Extension.h */,
				3501EB681FBAC56600489919 /* XCNormalHeader.m */,
				3501EB691FBAC56600489919 /* XCNormalHeader.h */,
				3501EB6A1FBAC56600489919 /* MBProgressHUD+Extension.m */,
				3501EB6B1FBAC56600489919 /* BaseNavigationController.h */,
				3501EB6D1FBAC56600489919 /* MBProgressHUD.bundle */,
				3501EB6E1FBAC56600489919 /* XCNormalFooter.h */,
				3501EB6F1FBAC56600489919 /* BaseViewController.h */,
			);
			path = CommonClass;
			sourceTree = "<group>";
		};
		3501EB701FBAC56600489919 /* Extension */ = {
			isa = PBXGroup;
			children = (
				3501EB711FBAC56600489919 /* FLAnimatedImageView+WebCache.m */,
				3501EB721FBAC56600489919 /* UICollectionView+XCPlaceholderView.h */,
				3501EB731FBAC56600489919 /* UIView+XCCornerRadius.m */,
				3501EB741FBAC56600489919 /* UILabel+XCHelper.h */,
				3501EB751FBAC56600489919 /* UIAlertController+Color.h */,
				3501EB761FBAC56600489919 /* UIImage+Category.m */,
				3501EB771FBAC56600489919 /* UIView+XCHelper.h */,
				3501EB781FBAC56600489919 /* UIButton+XCHelperBlock.m */,
				3501EB791FBAC56600489919 /* UIView+Layout.m */,
				3501EB7A1FBAC56600489919 /* NSObject+XCMethodSwizzle.h */,
				3501EB7B1FBAC56600489919 /* UITableView+XCPlaceholderView.h */,
				3501EB7C1FBAC56600489919 /* UIButton+timer.m */,
				3501EB7D1FBAC56600489919 /* NSString+XCHelper.m */,
				3501EB7E1FBAC56600489919 /* NSArray+SafeExtension.m */,
				3501EB7F1FBAC56600489919 /* UILabel+XCHelper.m */,
				3501EB801FBAC56600489919 /* UIView+XCCornerRadius.h */,
				3501EB811FBAC56600489919 /* UICollectionView+XCPlaceholderView.m */,
				3501EB821FBAC56600489919 /* FLAnimatedImageView+WebCache.h */,
				3501EB831FBAC56600489919 /* UIView+XCHelper.m */,
				3501EB841FBAC56600489919 /* UIImage+Category.h */,
				3501EB851FBAC56600489919 /* UIAlertController+Color.m */,
				3501EB861FBAC56600489919 /* UIView+Layout.h */,
				3501EB871FBAC56600489919 /* UIButton+XCHelperBlock.h */,
				3501EB881FBAC56600489919 /* NSArray+SafeExtension.h */,
				3501EB891FBAC56600489919 /* NSString+XCHelper.h */,
				3501EB8A1FBAC56600489919 /* UIButton+timer.h */,
				3501EB8B1FBAC56600489919 /* UITableView+XCPlaceholderView.m */,
				3501EB8C1FBAC56600489919 /* NSObject+XCMethodSwizzle.m */,
				3588D1281FC9B37D0084F71B /* BaseNetworking.h */,
				3588D1291FC9B37D0084F71B /* BaseNetworking.m */,
			);
			path = Extension;
			sourceTree = "<group>";
		};
		3564A93E1FBAB2F900A49800 = {
			isa = PBXGroup;
			children = (
				3564A9491FBAB2FA00A49800 /* FF14Raiders */,
				3564A9621FBAB2FA00A49800 /* FF14RaidersTests */,
				3564A96D1FBAB2FA00A49800 /* FF14RaidersUITests */,
				3564A9481FBAB2FA00A49800 /* Products */,
				E8BF2953ADF304F2035B14CA /* Pods */,
				22865EF76861A7FC8DAF3CFD /* Frameworks */,
			);
			sourceTree = "<group>";
		};
		3564A9481FBAB2FA00A49800 /* Products */ = {
			isa = PBXGroup;
			children = (
				3564A9471FBAB2FA00A49800 /* FF14Raiders.app */,
				3564A95F1FBAB2FA00A49800 /* FF14RaidersTests.xctest */,
				3564A96A1FBAB2FA00A49800 /* FF14RaidersUITests.xctest */,
			);
			name = Products;
			sourceTree = "<group>";
		};
		3564A9491FBAB2FA00A49800 /* FF14Raiders */ = {
			isa = PBXGroup;
			children = (
				35F00E2F1FBACF34000B922A /* Dungeon */,
				35F00E361FBAE6B3000B922A /* Annihilation */,
				35F00E3A1FBAE6B3000B922A /* Occupation */,
				35F00E3E1FBAE6B3000B922A /* Production */,
				3501EB621FBAC56600489919 /* CommonClass */,
				3501EB701FBAC56600489919 /* Extension */,
				3564A94A1FBAB2FA00A49800 /* AppDelegate.h */,
				3564A94B1FBAB2FA00A49800 /* AppDelegate.m */,
				3564A9501FBAB2FA00A49800 /* Main.storyboard */,
				3564A9531FBAB2FA00A49800 /* Assets.xcassets */,
				3564A9551FBAB2FA00A49800 /* LaunchScreen.storyboard */,
				3564A9581FBAB2FA00A49800 /* Info.plist */,
				3564A9591FBAB2FA00A49800 /* main.m */,
				35F00E2C1FBACCF9000B922A /* AppInformation.h */,
				35F00E2D1FBACCF9000B922A /* AppUIInformation.h */,
				35F00E2E1FBACD05000B922A /* PrefixHeader.pch */,
			);
			path = FF14Raiders;
			sourceTree = "<group>";
		};
		3564A9621FBAB2FA00A49800 /* FF14RaidersTests */ = {
			isa = PBXGroup;
			children = (
				3564A9631FBAB2FA00A49800 /* FF14RaidersTests.m */,
				3564A9651FBAB2FA00A49800 /* Info.plist */,
			);
			path = FF14RaidersTests;
			sourceTree = "<group>";
		};
		3564A96D1FBAB2FA00A49800 /* FF14RaidersUITests */ = {
			isa = PBXGroup;
			children = (
				3564A96E1FBAB2FA00A49800 /* FF14RaidersUITests.m */,
				3564A9701FBAB2FA00A49800 /* Info.plist */,
			);
			path = FF14RaidersUITests;
			sourceTree = "<group>";
		};
		35F00E2F1FBACF34000B922A /* Dungeon */ = {
			isa = PBXGroup;
			children = (
				35F00E301FBACF34000B922A /* Controller */,
				35F00E311FBACF34000B922A /* Model */,
				35F00E321FBACF34000B922A /* View */,
			);
			path = Dungeon;
			sourceTree = "<group>";
		};
		35F00E301FBACF34000B922A /* Controller */ = {
			isa = PBXGroup;
			children = (
				35F00E331FBAD21E000B922A /* DungeonViewController.h */,
				35F00E341FBAD21E000B922A /* DungeonViewController.m */,
				3553C29A1FBEC824004450B0 /* DungeonContentController.h */,
				3553C29B1FBEC824004450B0 /* DungeonContentController.m */,
				35EE63CD1FCF9D29000A7DBA /* ItemsCollectionController.h */,
				35EE63CE1FCF9D29000A7DBA /* ItemsCollectionController.m */,
				351EF0951FD0EAD100A1404D /* ItemViewController.h */,
				351EF0961FD0EAD100A1404D /* ItemViewController.m */,
			);
			path = Controller;
			sourceTree = "<group>";
		};
		35F00E311FBACF34000B922A /* Model */ = {
			isa = PBXGroup;
			children = (
				35C934041FBD8D9900675D06 /* DungeonModel.h */,
				35C934051FBD8D9900675D06 /* DungeonModel.m */,
				3533194A1FC2BA350089487F /* DungeonContentModel.h */,
				3533194B1FC2BA350089487F /* DungeonContentModel.m */,
				35A382EA1FC5056100246AB3 /* DungeonBossModel.h */,
				35A382EB1FC5056100246AB3 /* DungeonBossModel.m */,
				35EE63D31FCFCF16000A7DBA /* ItemModel.h */,
				35EE63D41FCFCF16000A7DBA /* ItemModel.m */,
			);
			path = Model;
			sourceTree = "<group>";
		};
		35F00E321FBACF34000B922A /* View */ = {
			isa = PBXGroup;
			children = (
				3553C1551FBC428D00A3BEA8 /* DungeonTableViewCell.h */,
				3553C1561FBC428D00A3BEA8 /* DungeonTableViewCell.m */,
				3533194D1FC2BAB70089487F /* DungeonContentView.h */,
				3533194E1FC2BAB70089487F /* DungeonContentView.m */,
				35F0815A1FCBC21E00215F6A /* DungeonBossView.h */,
				35F0815B1FCBC21E00215F6A /* DungeonBossView.m */,
				35EE63D01FCF9D41000A7DBA /* ItemsCollectionCell.h */,
				35EE63D11FCF9D41000A7DBA /* ItemsCollectionCell.m */,
				351EF0981FD0F8F800A1404D /* ItemView.h */,
				351EF0991FD0F8F800A1404D /* ItemView.m */,
			);
			path = View;
			sourceTree = "<group>";
		};
		35F00E361FBAE6B3000B922A /* Annihilation */ = {
			isa = PBXGroup;
			children = (
				35F00E371FBAE6B3000B922A /* Controller */,
				B75540D41FE3754D00D36269 /* Model */,
				B75540D51FE3754D00D36269 /* View */,
			);
			path = Annihilation;
			sourceTree = "<group>";
		};
		35F00E371FBAE6B3000B922A /* Controller */ = {
			isa = PBXGroup;
			children = (
				35F00E421FBAEA4C000B922A /* AnnihilationController.h */,
				35F00E431FBAEA4C000B922A /* AnnihilationController.m */,
				B75540DC1FE3A98400D36269 /* AnnihilationContentController.h */,
				B75540DD1FE3A98400D36269 /* AnnihilationContentController.m */,
			);
			path = Controller;
			sourceTree = "<group>";
		};
		35F00E3A1FBAE6B3000B922A /* Occupation */ = {
			isa = PBXGroup;
			children = (
				35F00E3B1FBAE6B3000B922A /* Controller */,
				35F00E3C1FBAE6B3000B922A /* Model */,
				35F00E3D1FBAE6B3000B922A /* View */,
			);
			path = Occupation;
			sourceTree = "<group>";
		};
		35F00E3B1FBAE6B3000B922A /* Controller */ = {
			isa = PBXGroup;
			children = (
				35F00E451FBAEA5B000B922A /* OccupationController.h */,
				35F00E461FBAEA5B000B922A /* OccupationController.m */,
			);
			path = Controller;
			sourceTree = "<group>";
		};
		35F00E3C1FBAE6B3000B922A /* Model */ = {
			isa = PBXGroup;
			children = (
			);
			path = Model;
			sourceTree = "<group>";
		};
		35F00E3D1FBAE6B3000B922A /* View */ = {
			isa = PBXGroup;
			children = (
			);
			path = View;
			sourceTree = "<group>";
		};
		35F00E3E1FBAE6B3000B922A /* Production */ = {
			isa = PBXGroup;
			children = (
				35F00E3F1FBAE6B3000B922A /* Controller */,
				35F00E401FBAE6B3000B922A /* Model */,
				35F00E411FBAE6B3000B922A /* View */,
			);
			path = Production;
			sourceTree = "<group>";
		};
		35F00E3F1FBAE6B3000B922A /* Controller */ = {
			isa = PBXGroup;
			children = (
				35F00E481FBAEA90000B922A /* ProductionController.h */,
				35F00E491FBAEA90000B922A /* ProductionController.m */,
			);
			path = Controller;
			sourceTree = "<group>";
		};
		35F00E401FBAE6B3000B922A /* Model */ = {
			isa = PBXGroup;
			children = (
			);
			path = Model;
			sourceTree = "<group>";
		};
		35F00E411FBAE6B3000B922A /* View */ = {
			isa = PBXGroup;
			children = (
			);
			path = View;
			sourceTree = "<group>";
		};
		B75540D41FE3754D00D36269 /* Model */ = {
			isa = PBXGroup;
			children = (
				B75540D91FE37C1600D36269 /* AnnihilationCellModel.h */,
				B75540DA1FE37C1600D36269 /* AnnihilationCellModel.m */,
			);
			path = Model;
			sourceTree = "<group>";
		};
		B75540D51FE3754D00D36269 /* View */ = {
			isa = PBXGroup;
			children = (
				B75540D61FE3757400D36269 /* AnnihilationCell.h */,
				B75540D71FE3757400D36269 /* AnnihilationCell.m */,
			);
			path = View;
			sourceTree = "<group>";
		};
		E8BF2953ADF304F2035B14CA /* Pods */ = {
			isa = PBXGroup;
			children = (
				1AEB0AA85603A167B00E7928 /* Pods-FF14Raiders.debug.xcconfig */,
				C37F31C6883F7E6D6D854D8C /* Pods-FF14Raiders.release.xcconfig */,
				CB275DF7CE5B9C1A618A81EC /* Pods-FF14RaidersTests.debug.xcconfig */,
				4D9A58E2305EFBBCC14269BF /* Pods-FF14RaidersTests.release.xcconfig */,
				7FFF6822537B4B4D2733E27B /* Pods-FF14RaidersUITests.debug.xcconfig */,
				D49A8DED29F12ECF23C460C0 /* Pods-FF14RaidersUITests.release.xcconfig */,
			);
			name = Pods;
			sourceTree = "<group>";
		};
/* End PBXGroup section */

/* Begin PBXNativeTarget section */
		3564A9461FBAB2FA00A49800 /* FF14Raiders */ = {
			isa = PBXNativeTarget;
			buildConfigurationList = 3564A9731FBAB2FA00A49800 /* Build configuration list for PBXNativeTarget "FF14Raiders" */;
			buildPhases = (
				5E748D5D6825A384134E5E10 /* [CP] Check Pods Manifest.lock */,
				3564A9431FBAB2FA00A49800 /* Sources */,
				3564A9441FBAB2FA00A49800 /* Frameworks */,
				3564A9451FBAB2FA00A49800 /* Resources */,
				D7DF2008E86CD5305BE3161D /* [CP] Embed Pods Frameworks */,
				5797C05155576CB4A4C46CFB /* [CP] Copy Pods Resources */,
			);
			buildRules = (
			);
			dependencies = (
			);
			name = FF14Raiders;
			productName = FF14Raiders;
			productReference = 3564A9471FBAB2FA00A49800 /* FF14Raiders.app */;
			productType = "com.apple.product-type.application";
		};
		3564A95E1FBAB2FA00A49800 /* FF14RaidersTests */ = {
			isa = PBXNativeTarget;
			buildConfigurationList = 3564A9761FBAB2FA00A49800 /* Build configuration list for PBXNativeTarget "FF14RaidersTests" */;
			buildPhases = (
				E3939FCA302E983CEF242F37 /* [CP] Check Pods Manifest.lock */,
				3564A95B1FBAB2FA00A49800 /* Sources */,
				3564A95C1FBAB2FA00A49800 /* Frameworks */,
				3564A95D1FBAB2FA00A49800 /* Resources */,
				0A4ED0AC8CECD458E9D2D80C /* [CP] Embed Pods Frameworks */,
				0EB57788E934B9443B1E3C50 /* [CP] Copy Pods Resources */,
			);
			buildRules = (
			);
			dependencies = (
				3564A9611FBAB2FA00A49800 /* PBXTargetDependency */,
			);
			name = FF14RaidersTests;
			productName = FF14RaidersTests;
			productReference = 3564A95F1FBAB2FA00A49800 /* FF14RaidersTests.xctest */;
			productType = "com.apple.product-type.bundle.unit-test";
		};
		3564A9691FBAB2FA00A49800 /* FF14RaidersUITests */ = {
			isa = PBXNativeTarget;
			buildConfigurationList = 3564A9791FBAB2FA00A49800 /* Build configuration list for PBXNativeTarget "FF14RaidersUITests" */;
			buildPhases = (
				062B0DE78C457F0220B665A7 /* [CP] Check Pods Manifest.lock */,
				3564A9661FBAB2FA00A49800 /* Sources */,
				3564A9671FBAB2FA00A49800 /* Frameworks */,
				3564A9681FBAB2FA00A49800 /* Resources */,
				754D9EB374C0165A6A03A734 /* [CP] Embed Pods Frameworks */,
				639F4BEB3F0FD46D31003160 /* [CP] Copy Pods Resources */,
			);
			buildRules = (
			);
			dependencies = (
				3564A96C1FBAB2FA00A49800 /* PBXTargetDependency */,
			);
			name = FF14RaidersUITests;
			productName = FF14RaidersUITests;
			productReference = 3564A96A1FBAB2FA00A49800 /* FF14RaidersUITests.xctest */;
			productType = "com.apple.product-type.bundle.ui-testing";
		};
/* End PBXNativeTarget section */

/* Begin PBXProject section */
		3564A93F1FBAB2F900A49800 /* Project object */ = {
			isa = PBXProject;
			attributes = {
				LastUpgradeCheck = 0910;
				ORGANIZATIONNAME = "何建新";
				TargetAttributes = {
					3564A9461FBAB2FA00A49800 = {
						CreatedOnToolsVersion = 9.1;
						ProvisioningStyle = Automatic;
					};
					3564A95E1FBAB2FA00A49800 = {
						CreatedOnToolsVersion = 9.1;
						ProvisioningStyle = Automatic;
						TestTargetID = 3564A9461FBAB2FA00A49800;
					};
					3564A9691FBAB2FA00A49800 = {
						CreatedOnToolsVersion = 9.1;
						ProvisioningStyle = Automatic;
						TestTargetID = 3564A9461FBAB2FA00A49800;
					};
				};
			};
			buildConfigurationList = 3564A9421FBAB2F900A49800 /* Build configuration list for PBXProject "FF14Raiders" */;
			compatibilityVersion = "Xcode 8.0";
			developmentRegion = en;
			hasScannedForEncodings = 0;
			knownRegions = (
				en,
				Base,
			);
			mainGroup = 3564A93E1FBAB2F900A49800;
			productRefGroup = 3564A9481FBAB2FA00A49800 /* Products */;
			projectDirPath = "";
			projectRoot = "";
			targets = (
				3564A9461FBAB2FA00A49800 /* FF14Raiders */,
				3564A95E1FBAB2FA00A49800 /* FF14RaidersTests */,
				3564A9691FBAB2FA00A49800 /* FF14RaidersUITests */,
			);
		};
/* End PBXProject section */

/* Begin PBXResourcesBuildPhase section */
		3564A9451FBAB2FA00A49800 /* Resources */ = {
			isa = PBXResourcesBuildPhase;
			buildActionMask = 2147483647;
			files = (
				3564A9571FBAB2FA00A49800 /* LaunchScreen.storyboard in Resources */,
				3501EB931FBAC56600489919 /* MBProgressHUD.bundle in Resources */,
				3564A9541FBAB2FA00A49800 /* Assets.xcassets in Resources */,
				3564A9521FBAB2FA00A49800 /* Main.storyboard in Resources */,
			);
			runOnlyForDeploymentPostprocessing = 0;
		};
		3564A95D1FBAB2FA00A49800 /* Resources */ = {
			isa = PBXResourcesBuildPhase;
			buildActionMask = 2147483647;
			files = (
			);
			runOnlyForDeploymentPostprocessing = 0;
		};
		3564A9681FBAB2FA00A49800 /* Resources */ = {
			isa = PBXResourcesBuildPhase;
			buildActionMask = 2147483647;
			files = (
			);
			runOnlyForDeploymentPostprocessing = 0;
		};
/* End PBXResourcesBuildPhase section */

/* Begin PBXShellScriptBuildPhase section */
		062B0DE78C457F0220B665A7 /* [CP] Check Pods Manifest.lock */ = {
			isa = PBXShellScriptBuildPhase;
			buildActionMask = 2147483647;
			files = (
			);
			inputPaths = (
				"${PODS_PODFILE_DIR_PATH}/Podfile.lock",
				"${PODS_ROOT}/Manifest.lock",
			);
			name = "[CP] Check Pods Manifest.lock";
			outputPaths = (
				"$(DERIVED_FILE_DIR)/Pods-FF14RaidersUITests-checkManifestLockResult.txt",
			);
			runOnlyForDeploymentPostprocessing = 0;
			shellPath = /bin/sh;
			shellScript = "diff \"${PODS_PODFILE_DIR_PATH}/Podfile.lock\" \"${PODS_ROOT}/Manifest.lock\" > /dev/null\nif [ $? != 0 ] ; then\n    # print error to STDERR\n    echo \"error: The sandbox is not in sync with the Podfile.lock. Run 'pod install' or update your CocoaPods installation.\" >&2\n    exit 1\nfi\n# This output is used by Xcode 'outputs' to avoid re-running this script phase.\necho \"SUCCESS\" > \"${SCRIPT_OUTPUT_FILE_0}\"\n";
			showEnvVarsInLog = 0;
		};
		0A4ED0AC8CECD458E9D2D80C /* [CP] Embed Pods Frameworks */ = {
			isa = PBXShellScriptBuildPhase;
			buildActionMask = 2147483647;
			files = (
			);
			inputPaths = (
			);
			name = "[CP] Embed Pods Frameworks";
			outputPaths = (
			);
			runOnlyForDeploymentPostprocessing = 0;
			shellPath = /bin/sh;
			shellScript = "\"${SRCROOT}/Pods/Target Support Files/Pods-FF14RaidersTests/Pods-FF14RaidersTests-frameworks.sh\"\n";
			showEnvVarsInLog = 0;
		};
		0EB57788E934B9443B1E3C50 /* [CP] Copy Pods Resources */ = {
			isa = PBXShellScriptBuildPhase;
			buildActionMask = 2147483647;
			files = (
			);
			inputPaths = (
			);
			name = "[CP] Copy Pods Resources";
			outputPaths = (
			);
			runOnlyForDeploymentPostprocessing = 0;
			shellPath = /bin/sh;
			shellScript = "\"${SRCROOT}/Pods/Target Support Files/Pods-FF14RaidersTests/Pods-FF14RaidersTests-resources.sh\"\n";
			showEnvVarsInLog = 0;
		};
		5797C05155576CB4A4C46CFB /* [CP] Copy Pods Resources */ = {
			isa = PBXShellScriptBuildPhase;
			buildActionMask = 2147483647;
			files = (
			);
			inputPaths = (
				"${SRCROOT}/Pods/Target Support Files/Pods-FF14Raiders/Pods-FF14Raiders-resources.sh",
				"${PODS_ROOT}/UMengUShare/UShareSDK/UMSocialSDK/UMSocialSDKPromptResources.bundle",
				"${PODS_ROOT}/UMengUShare/UShareSDK/SocialLibraries/QQ/QQSDK/TencentOpenApi_IOS_Bundle.bundle",
			);
			name = "[CP] Copy Pods Resources";
			outputPaths = (
				"${TARGET_BUILD_DIR}/${UNLOCALIZED_RESOURCES_FOLDER_PATH}",
			);
			runOnlyForDeploymentPostprocessing = 0;
			shellPath = /bin/sh;
			shellScript = "\"${SRCROOT}/Pods/Target Support Files/Pods-FF14Raiders/Pods-FF14Raiders-resources.sh\"\n";
			showEnvVarsInLog = 0;
		};
		5E748D5D6825A384134E5E10 /* [CP] Check Pods Manifest.lock */ = {
			isa = PBXShellScriptBuildPhase;
			buildActionMask = 2147483647;
			files = (
			);
			inputPaths = (
				"${PODS_PODFILE_DIR_PATH}/Podfile.lock",
				"${PODS_ROOT}/Manifest.lock",
			);
			name = "[CP] Check Pods Manifest.lock";
			outputPaths = (
				"$(DERIVED_FILE_DIR)/Pods-FF14Raiders-checkManifestLockResult.txt",
			);
			runOnlyForDeploymentPostprocessing = 0;
			shellPath = /bin/sh;
			shellScript = "diff \"${PODS_PODFILE_DIR_PATH}/Podfile.lock\" \"${PODS_ROOT}/Manifest.lock\" > /dev/null\nif [ $? != 0 ] ; then\n    # print error to STDERR\n    echo \"error: The sandbox is not in sync with the Podfile.lock. Run 'pod install' or update your CocoaPods installation.\" >&2\n    exit 1\nfi\n# This output is used by Xcode 'outputs' to avoid re-running this script phase.\necho \"SUCCESS\" > \"${SCRIPT_OUTPUT_FILE_0}\"\n";
			showEnvVarsInLog = 0;
		};
		639F4BEB3F0FD46D31003160 /* [CP] Copy Pods Resources */ = {
			isa = PBXShellScriptBuildPhase;
			buildActionMask = 2147483647;
			files = (
			);
			inputPaths = (
			);
			name = "[CP] Copy Pods Resources";
			outputPaths = (
			);
			runOnlyForDeploymentPostprocessing = 0;
			shellPath = /bin/sh;
			shellScript = "\"${SRCROOT}/Pods/Target Support Files/Pods-FF14RaidersUITests/Pods-FF14RaidersUITests-resources.sh\"\n";
			showEnvVarsInLog = 0;
		};
		754D9EB374C0165A6A03A734 /* [CP] Embed Pods Frameworks */ = {
			isa = PBXShellScriptBuildPhase;
			buildActionMask = 2147483647;
			files = (
			);
			inputPaths = (
			);
			name = "[CP] Embed Pods Frameworks";
			outputPaths = (
			);
			runOnlyForDeploymentPostprocessing = 0;
			shellPath = /bin/sh;
			shellScript = "\"${SRCROOT}/Pods/Target Support Files/Pods-FF14RaidersUITests/Pods-FF14RaidersUITests-frameworks.sh\"\n";
			showEnvVarsInLog = 0;
		};
		D7DF2008E86CD5305BE3161D /* [CP] Embed Pods Frameworks */ = {
			isa = PBXShellScriptBuildPhase;
			buildActionMask = 2147483647;
			files = (
			);
			inputPaths = (
				"${SRCROOT}/Pods/Target Support Files/Pods-FF14Raiders/Pods-FF14Raiders-frameworks.sh",
				"${BUILT_PRODUCTS_DIR}/AFNetworking/AFNetworking.framework",
				"${BUILT_PRODUCTS_DIR}/FLAnimatedImage/FLAnimatedImage.framework",
				"${BUILT_PRODUCTS_DIR}/FMDB/FMDB.framework",
				"${BUILT_PRODUCTS_DIR}/IQKeyboardManager/IQKeyboardManager.framework",
				"${BUILT_PRODUCTS_DIR}/MBProgressHUD/MBProgressHUD.framework",
				"${BUILT_PRODUCTS_DIR}/MJExtension/MJExtension.framework",
				"${BUILT_PRODUCTS_DIR}/MJRefresh/MJRefresh.framework",
				"${BUILT_PRODUCTS_DIR}/Masonry/Masonry.framework",
				"${BUILT_PRODUCTS_DIR}/ReactiveCocoa/ReactiveCocoa.framework",
				"${BUILT_PRODUCTS_DIR}/SDWebImage/SDWebImage.framework",
				"${BUILT_PRODUCTS_DIR}/YYModel/YYModel.framework",
				"${BUILT_PRODUCTS_DIR}/ZFPlayer/ZFPlayer.framework",
			);
			name = "[CP] Embed Pods Frameworks";
			outputPaths = (
				"${TARGET_BUILD_DIR}/${FRAMEWORKS_FOLDER_PATH}/AFNetworking.framework",
				"${TARGET_BUILD_DIR}/${FRAMEWORKS_FOLDER_PATH}/FLAnimatedImage.framework",
				"${TARGET_BUILD_DIR}/${FRAMEWORKS_FOLDER_PATH}/FMDB.framework",
				"${TARGET_BUILD_DIR}/${FRAMEWORKS_FOLDER_PATH}/IQKeyboardManager.framework",
				"${TARGET_BUILD_DIR}/${FRAMEWORKS_FOLDER_PATH}/MBProgressHUD.framework",
				"${TARGET_BUILD_DIR}/${FRAMEWORKS_FOLDER_PATH}/MJExtension.framework",
				"${TARGET_BUILD_DIR}/${FRAMEWORKS_FOLDER_PATH}/MJRefresh.framework",
				"${TARGET_BUILD_DIR}/${FRAMEWORKS_FOLDER_PATH}/Masonry.framework",
				"${TARGET_BUILD_DIR}/${FRAMEWORKS_FOLDER_PATH}/ReactiveCocoa.framework",
				"${TARGET_BUILD_DIR}/${FRAMEWORKS_FOLDER_PATH}/SDWebImage.framework",
				"${TARGET_BUILD_DIR}/${FRAMEWORKS_FOLDER_PATH}/YYModel.framework",
				"${TARGET_BUILD_DIR}/${FRAMEWORKS_FOLDER_PATH}/ZFPlayer.framework",
			);
			runOnlyForDeploymentPostprocessing = 0;
			shellPath = /bin/sh;
			shellScript = "\"${SRCROOT}/Pods/Target Support Files/Pods-FF14Raiders/Pods-FF14Raiders-frameworks.sh\"\n";
			showEnvVarsInLog = 0;
		};
		E3939FCA302E983CEF242F37 /* [CP] Check Pods Manifest.lock */ = {
			isa = PBXShellScriptBuildPhase;
			buildActionMask = 2147483647;
			files = (
			);
			inputPaths = (
				"${PODS_PODFILE_DIR_PATH}/Podfile.lock",
				"${PODS_ROOT}/Manifest.lock",
			);
			name = "[CP] Check Pods Manifest.lock";
			outputPaths = (
				"$(DERIVED_FILE_DIR)/Pods-FF14RaidersTests-checkManifestLockResult.txt",
			);
			runOnlyForDeploymentPostprocessing = 0;
			shellPath = /bin/sh;
			shellScript = "diff \"${PODS_PODFILE_DIR_PATH}/Podfile.lock\" \"${PODS_ROOT}/Manifest.lock\" > /dev/null\nif [ $? != 0 ] ; then\n    # print error to STDERR\n    echo \"error: The sandbox is not in sync with the Podfile.lock. Run 'pod install' or update your CocoaPods installation.\" >&2\n    exit 1\nfi\n# This output is used by Xcode 'outputs' to avoid re-running this script phase.\necho \"SUCCESS\" > \"${SCRIPT_OUTPUT_FILE_0}\"\n";
			showEnvVarsInLog = 0;
		};
/* End PBXShellScriptBuildPhase section */

/* Begin PBXSourcesBuildPhase section */
		3564A9431FBAB2FA00A49800 /* Sources */ = {
			isa = PBXSourcesBuildPhase;
			buildActionMask = 2147483647;
			files = (
				3553C29C1FBEC824004450B0 /* DungeonContentController.m in Sources */,
				3533194F1FC2BAB70089487F /* DungeonContentView.m in Sources */,
				3501EB9F1FBAC56600489919 /* UIAlertController+Color.m in Sources */,
				3564A95A1FBAB2FA00A49800 /* main.m in Sources */,
				35F0815C1FCBC21E00215F6A /* DungeonBossView.m in Sources */,
				35F00E4A1FBAEA90000B922A /* ProductionController.m in Sources */,
				35EE63CF1FCF9D29000A7DBA /* ItemsCollectionController.m in Sources */,
				35A382EC1FC5056100246AB3 /* DungeonBossModel.m in Sources */,
				35EE63D51FCFCF16000A7DBA /* ItemModel.m in Sources */,
				B75540DB1FE37C1600D36269 /* AnnihilationCellModel.m in Sources */,
				3501EB8E1FBAC56600489919 /* BaseViewController.m in Sources */,
				3501EB9D1FBAC56600489919 /* UICollectionView+XCPlaceholderView.m in Sources */,
				B75540D81FE3757400D36269 /* AnnihilationCell.m in Sources */,
				35EE63D21FCF9D41000A7DBA /* ItemsCollectionCell.m in Sources */,
				3501EB971FBAC56600489919 /* UIButton+XCHelperBlock.m in Sources */,
				3553C1571FBC428D00A3BEA8 /* DungeonTableViewCell.m in Sources */,
				3501EB9A1FBAC56600489919 /* NSString+XCHelper.m in Sources */,
				3501EB961FBAC56600489919 /* UIImage+Category.m in Sources */,
				3501EB901FBAC56600489919 /* XCNormalHeader.m in Sources */,
				3533194C1FC2BA350089487F /* DungeonContentModel.m in Sources */,
				3501EB981FBAC56600489919 /* UIView+Layout.m in Sources */,
				35F00E471FBAEA5B000B922A /* OccupationController.m in Sources */,
				3501EB9C1FBAC56600489919 /* UILabel+XCHelper.m in Sources */,
				351EF09A1FD0F8F800A1404D /* ItemView.m in Sources */,
				3501EB8D1FBAC56600489919 /* XCNormalFooter.m in Sources */,
				3501EB9E1FBAC56600489919 /* UIView+XCHelper.m in Sources */,
				3501EBA01FBAC56600489919 /* UITableView+XCPlaceholderView.m in Sources */,
				3501EB921FBAC56600489919 /* BaseTabBarController.m in Sources */,
				3501EB9B1FBAC56600489919 /* NSArray+SafeExtension.m in Sources */,
				3588D12A1FC9B37D0084F71B /* BaseNetworking.m in Sources */,
				3501EB941FBAC56600489919 /* FLAnimatedImageView+WebCache.m in Sources */,
				35F00E351FBAD21E000B922A /* DungeonViewController.m in Sources */,
				3501EBA11FBAC56600489919 /* NSObject+XCMethodSwizzle.m in Sources */,
				3501EB951FBAC56600489919 /* UIView+XCCornerRadius.m in Sources */,
				351EF0971FD0EAD100A1404D /* ItemViewController.m in Sources */,
				35C934061FBD8D9900675D06 /* DungeonModel.m in Sources */,
				3564A94C1FBAB2FA00A49800 /* AppDelegate.m in Sources */,
				3501EB991FBAC56600489919 /* UIButton+timer.m in Sources */,
				35F00E441FBAEA4C000B922A /* AnnihilationController.m in Sources */,
				B75540DE1FE3A98400D36269 /* AnnihilationContentController.m in Sources */,
				3501EB911FBAC56600489919 /* MBProgressHUD+Extension.m in Sources */,
				3501EB8F1FBAC56600489919 /* BaseNavigationController.m in Sources */,
			);
			runOnlyForDeploymentPostprocessing = 0;
		};
		3564A95B1FBAB2FA00A49800 /* Sources */ = {
			isa = PBXSourcesBuildPhase;
			buildActionMask = 2147483647;
			files = (
				3564A9641FBAB2FA00A49800 /* FF14RaidersTests.m in Sources */,
			);
			runOnlyForDeploymentPostprocessing = 0;
		};
		3564A9661FBAB2FA00A49800 /* Sources */ = {
			isa = PBXSourcesBuildPhase;
			buildActionMask = 2147483647;
			files = (
				3564A96F1FBAB2FA00A49800 /* FF14RaidersUITests.m in Sources */,
			);
			runOnlyForDeploymentPostprocessing = 0;
		};
/* End PBXSourcesBuildPhase section */

/* Begin PBXTargetDependency section */
		3564A9611FBAB2FA00A49800 /* PBXTargetDependency */ = {
			isa = PBXTargetDependency;
			target = 3564A9461FBAB2FA00A49800 /* FF14Raiders */;
			targetProxy = 3564A9601FBAB2FA00A49800 /* PBXContainerItemProxy */;
		};
		3564A96C1FBAB2FA00A49800 /* PBXTargetDependency */ = {
			isa = PBXTargetDependency;
			target = 3564A9461FBAB2FA00A49800 /* FF14Raiders */;
			targetProxy = 3564A96B1FBAB2FA00A49800 /* PBXContainerItemProxy */;
		};
/* End PBXTargetDependency section */

/* Begin PBXVariantGroup section */
		3564A9501FBAB2FA00A49800 /* Main.storyboard */ = {
			isa = PBXVariantGroup;
			children = (
				3564A9511FBAB2FA00A49800 /* Base */,
			);
			name = Main.storyboard;
			sourceTree = "<group>";
		};
		3564A9551FBAB2FA00A49800 /* LaunchScreen.storyboard */ = {
			isa = PBXVariantGroup;
			children = (
				3564A9561FBAB2FA00A49800 /* Base */,
			);
			name = LaunchScreen.storyboard;
			sourceTree = "<group>";
		};
/* End PBXVariantGroup section */

/* Begin XCBuildConfiguration section */
		3564A9711FBAB2FA00A49800 /* Debug */ = {
			isa = XCBuildConfiguration;
			buildSettings = {
				ALWAYS_SEARCH_USER_PATHS = NO;
				CLANG_ANALYZER_NONNULL = YES;
				CLANG_ANALYZER_NUMBER_OBJECT_CONVERSION = YES_AGGRESSIVE;
				CLANG_CXX_LANGUAGE_STANDARD = "gnu++14";
				CLANG_CXX_LIBRARY = "libc++";
				CLANG_ENABLE_MODULES = YES;
				CLANG_ENABLE_OBJC_ARC = YES;
				CLANG_WARN_BLOCK_CAPTURE_AUTORELEASING = YES;
				CLANG_WARN_BOOL_CONVERSION = YES;
				CLANG_WARN_COMMA = YES;
				CLANG_WARN_CONSTANT_CONVERSION = YES;
				CLANG_WARN_DIRECT_OBJC_ISA_USAGE = YES_ERROR;
				CLANG_WARN_DOCUMENTATION_COMMENTS = YES;
				CLANG_WARN_EMPTY_BODY = YES;
				CLANG_WARN_ENUM_CONVERSION = YES;
				CLANG_WARN_INFINITE_RECURSION = YES;
				CLANG_WARN_INT_CONVERSION = YES;
				CLANG_WARN_NON_LITERAL_NULL_CONVERSION = YES;
				CLANG_WARN_OBJC_LITERAL_CONVERSION = YES;
				CLANG_WARN_OBJC_ROOT_CLASS = YES_ERROR;
				CLANG_WARN_RANGE_LOOP_ANALYSIS = YES;
				CLANG_WARN_STRICT_PROTOTYPES = YES;
				CLANG_WARN_SUSPICIOUS_MOVE = YES;
				CLANG_WARN_UNGUARDED_AVAILABILITY = YES_AGGRESSIVE;
				CLANG_WARN_UNREACHABLE_CODE = YES;
				CLANG_WARN__DUPLICATE_METHOD_MATCH = YES;
				CODE_SIGN_IDENTITY = "iPhone Developer";
				COPY_PHASE_STRIP = NO;
				DEBUG_INFORMATION_FORMAT = dwarf;
				ENABLE_STRICT_OBJC_MSGSEND = YES;
				ENABLE_TESTABILITY = YES;
				GCC_C_LANGUAGE_STANDARD = gnu11;
				GCC_DYNAMIC_NO_PIC = NO;
				GCC_NO_COMMON_BLOCKS = YES;
				GCC_OPTIMIZATION_LEVEL = 0;
				GCC_PREPROCESSOR_DEFINITIONS = (
					"DEBUG=1",
					"$(inherited)",
				);
				GCC_WARN_64_TO_32_BIT_CONVERSION = YES;
				GCC_WARN_ABOUT_RETURN_TYPE = YES_ERROR;
				GCC_WARN_UNDECLARED_SELECTOR = YES;
				GCC_WARN_UNINITIALIZED_AUTOS = YES_AGGRESSIVE;
				GCC_WARN_UNUSED_FUNCTION = YES;
				GCC_WARN_UNUSED_VARIABLE = YES;
				IPHONEOS_DEPLOYMENT_TARGET = 11.1;
				MTL_ENABLE_DEBUG_INFO = YES;
				ONLY_ACTIVE_ARCH = YES;
				SDKROOT = iphoneos;
			};
			name = Debug;
		};
		3564A9721FBAB2FA00A49800 /* Release */ = {
			isa = XCBuildConfiguration;
			buildSettings = {
				ALWAYS_SEARCH_USER_PATHS = NO;
				CLANG_ANALYZER_NONNULL = YES;
				CLANG_ANALYZER_NUMBER_OBJECT_CONVERSION = YES_AGGRESSIVE;
				CLANG_CXX_LANGUAGE_STANDARD = "gnu++14";
				CLANG_CXX_LIBRARY = "libc++";
				CLANG_ENABLE_MODULES = YES;
				CLANG_ENABLE_OBJC_ARC = YES;
				CLANG_WARN_BLOCK_CAPTURE_AUTORELEASING = YES;
				CLANG_WARN_BOOL_CONVERSION = YES;
				CLANG_WARN_COMMA = YES;
				CLANG_WARN_CONSTANT_CONVERSION = YES;
				CLANG_WARN_DIRECT_OBJC_ISA_USAGE = YES_ERROR;
				CLANG_WARN_DOCUMENTATION_COMMENTS = YES;
				CLANG_WARN_EMPTY_BODY = YES;
				CLANG_WARN_ENUM_CONVERSION = YES;
				CLANG_WARN_INFINITE_RECURSION = YES;
				CLANG_WARN_INT_CONVERSION = YES;
				CLANG_WARN_NON_LITERAL_NULL_CONVERSION = YES;
				CLANG_WARN_OBJC_LITERAL_CONVERSION = YES;
				CLANG_WARN_OBJC_ROOT_CLASS = YES_ERROR;
				CLANG_WARN_RANGE_LOOP_ANALYSIS = YES;
				CLANG_WARN_STRICT_PROTOTYPES = YES;
				CLANG_WARN_SUSPICIOUS_MOVE = YES;
				CLANG_WARN_UNGUARDED_AVAILABILITY = YES_AGGRESSIVE;
				CLANG_WARN_UNREACHABLE_CODE = YES;
				CLANG_WARN__DUPLICATE_METHOD_MATCH = YES;
				CODE_SIGN_IDENTITY = "iPhone Developer";
				COPY_PHASE_STRIP = NO;
				DEBUG_INFORMATION_FORMAT = "dwarf-with-dsym";
				ENABLE_NS_ASSERTIONS = NO;
				ENABLE_STRICT_OBJC_MSGSEND = YES;
				GCC_C_LANGUAGE_STANDARD = gnu11;
				GCC_NO_COMMON_BLOCKS = YES;
				GCC_WARN_64_TO_32_BIT_CONVERSION = YES;
				GCC_WARN_ABOUT_RETURN_TYPE = YES_ERROR;
				GCC_WARN_UNDECLARED_SELECTOR = YES;
				GCC_WARN_UNINITIALIZED_AUTOS = YES_AGGRESSIVE;
				GCC_WARN_UNUSED_FUNCTION = YES;
				GCC_WARN_UNUSED_VARIABLE = YES;
				IPHONEOS_DEPLOYMENT_TARGET = 11.1;
				MTL_ENABLE_DEBUG_INFO = NO;
				SDKROOT = iphoneos;
				VALIDATE_PRODUCT = YES;
			};
			name = Release;
		};
		3564A9741FBAB2FA00A49800 /* Debug */ = {
			isa = XCBuildConfiguration;
			baseConfigurationReference = 1AEB0AA85603A167B00E7928 /* Pods-FF14Raiders.debug.xcconfig */;
			buildSettings = {
				ASSETCATALOG_COMPILER_APPICON_NAME = AppIcon;
				ASSETCATALOG_COMPILER_LAUNCHIMAGE_NAME = LaunchImage;
				CODE_SIGN_STYLE = Automatic;
				DEVELOPMENT_TEAM = RD7J4DU62A;
				GCC_PREFIX_HEADER = "$(SRCROOT)/FF14Raiders/PrefixHeader.pch";
				INFOPLIST_FILE = FF14Raiders/Info.plist;
				IPHONEOS_DEPLOYMENT_TARGET = 10.3;
				LD_RUNPATH_SEARCH_PATHS = "$(inherited) @executable_path/Frameworks";
				PRODUCT_BUNDLE_IDENTIFIER = com.hejianxin.FF14Raiders;
				PRODUCT_NAME = "$(TARGET_NAME)";
				TARGETED_DEVICE_FAMILY = 1;
			};
			name = Debug;
		};
		3564A9751FBAB2FA00A49800 /* Release */ = {
			isa = XCBuildConfiguration;
			baseConfigurationReference = C37F31C6883F7E6D6D854D8C /* Pods-FF14Raiders.release.xcconfig */;
			buildSettings = {
				ASSETCATALOG_COMPILER_APPICON_NAME = AppIcon;
				ASSETCATALOG_COMPILER_LAUNCHIMAGE_NAME = LaunchImage;
				CODE_SIGN_STYLE = Automatic;
				DEVELOPMENT_TEAM = RD7J4DU62A;
				GCC_PREFIX_HEADER = "$(SRCROOT)/FF14Raiders/PrefixHeader.pch";
				INFOPLIST_FILE = FF14Raiders/Info.plist;
				IPHONEOS_DEPLOYMENT_TARGET = 10.3;
				LD_RUNPATH_SEARCH_PATHS = "$(inherited) @executable_path/Frameworks";
				PRODUCT_BUNDLE_IDENTIFIER = com.hejianxin.FF14Raiders;
				PRODUCT_NAME = "$(TARGET_NAME)";
				TARGETED_DEVICE_FAMILY = 1;
			};
			name = Release;
		};
		3564A9771FBAB2FA00A49800 /* Debug */ = {
			isa = XCBuildConfiguration;
			baseConfigurationReference = CB275DF7CE5B9C1A618A81EC /* Pods-FF14RaidersTests.debug.xcconfig */;
			buildSettings = {
				BUNDLE_LOADER = "$(TEST_HOST)";
				CODE_SIGN_STYLE = Automatic;
				DEVELOPMENT_TEAM = RD7J4DU62A;
				INFOPLIST_FILE = FF14RaidersTests/Info.plist;
				LD_RUNPATH_SEARCH_PATHS = "$(inherited) @executable_path/Frameworks @loader_path/Frameworks";
				PRODUCT_BUNDLE_IDENTIFIER = com.hejianxin.FF14RaidersTests;
				PRODUCT_NAME = "$(TARGET_NAME)";
				TARGETED_DEVICE_FAMILY = "1,2";
				TEST_HOST = "$(BUILT_PRODUCTS_DIR)/FF14Raiders.app/FF14Raiders";
			};
			name = Debug;
		};
		3564A9781FBAB2FA00A49800 /* Release */ = {
			isa = XCBuildConfiguration;
			baseConfigurationReference = 4D9A58E2305EFBBCC14269BF /* Pods-FF14RaidersTests.release.xcconfig */;
			buildSettings = {
				BUNDLE_LOADER = "$(TEST_HOST)";
				CODE_SIGN_STYLE = Automatic;
				DEVELOPMENT_TEAM = RD7J4DU62A;
				INFOPLIST_FILE = FF14RaidersTests/Info.plist;
				LD_RUNPATH_SEARCH_PATHS = "$(inherited) @executable_path/Frameworks @loader_path/Frameworks";
				PRODUCT_BUNDLE_IDENTIFIER = com.hejianxin.FF14RaidersTests;
				PRODUCT_NAME = "$(TARGET_NAME)";
				TARGETED_DEVICE_FAMILY = "1,2";
				TEST_HOST = "$(BUILT_PRODUCTS_DIR)/FF14Raiders.app/FF14Raiders";
			};
			name = Release;
		};
		3564A97A1FBAB2FA00A49800 /* Debug */ = {
			isa = XCBuildConfiguration;
			baseConfigurationReference = 7FFF6822537B4B4D2733E27B /* Pods-FF14RaidersUITests.debug.xcconfig */;
			buildSettings = {
				CODE_SIGN_STYLE = Automatic;
				DEVELOPMENT_TEAM = RD7J4DU62A;
				INFOPLIST_FILE = FF14RaidersUITests/Info.plist;
				LD_RUNPATH_SEARCH_PATHS = "$(inherited) @executable_path/Frameworks @loader_path/Frameworks";
				PRODUCT_BUNDLE_IDENTIFIER = com.hejianxin.FF14RaidersUITests;
				PRODUCT_NAME = "$(TARGET_NAME)";
				TARGETED_DEVICE_FAMILY = "1,2";
				TEST_TARGET_NAME = FF14Raiders;
			};
			name = Debug;
		};
		3564A97B1FBAB2FA00A49800 /* Release */ = {
			isa = XCBuildConfiguration;
			baseConfigurationReference = D49A8DED29F12ECF23C460C0 /* Pods-FF14RaidersUITests.release.xcconfig */;
			buildSettings = {
				CODE_SIGN_STYLE = Automatic;
				DEVELOPMENT_TEAM = RD7J4DU62A;
				INFOPLIST_FILE = FF14RaidersUITests/Info.plist;
				LD_RUNPATH_SEARCH_PATHS = "$(inherited) @executable_path/Frameworks @loader_path/Frameworks";
				PRODUCT_BUNDLE_IDENTIFIER = com.hejianxin.FF14RaidersUITests;
				PRODUCT_NAME = "$(TARGET_NAME)";
				TARGETED_DEVICE_FAMILY = "1,2";
				TEST_TARGET_NAME = FF14Raiders;
			};
			name = Release;
		};
/* End XCBuildConfiguration section */

/* Begin XCConfigurationList section */
		3564A9421FBAB2F900A49800 /* Build configuration list for PBXProject "FF14Raiders" */ = {
			isa = XCConfigurationList;
			buildConfigurations = (
				3564A9711FBAB2FA00A49800 /* Debug */,
				3564A9721FBAB2FA00A49800 /* Release */,
			);
			defaultConfigurationIsVisible = 0;
			defaultConfigurationName = Release;
		};
		3564A9731FBAB2FA00A49800 /* Build configuration list for PBXNativeTarget "FF14Raiders" */ = {
			isa = XCConfigurationList;
			buildConfigurations = (
				3564A9741FBAB2FA00A49800 /* Debug */,
				3564A9751FBAB2FA00A49800 /* Release */,
			);
			defaultConfigurationIsVisible = 0;
			defaultConfigurationName = Release;
		};
		3564A9761FBAB2FA00A49800 /* Build configuration list for PBXNativeTarget "FF14RaidersTests" */ = {
			isa = XCConfigurationList;
			buildConfigurations = (
				3564A9771FBAB2FA00A49800 /* Debug */,
				3564A9781FBAB2FA00A49800 /* Release */,
			);
			defaultConfigurationIsVisible = 0;
			defaultConfigurationName = Release;
		};
		3564A9791FBAB2FA00A49800 /* Build configuration list for PBXNativeTarget "FF14RaidersUITests" */ = {
			isa = XCConfigurationList;
			buildConfigurations = (
				3564A97A1FBAB2FA00A49800 /* Debug */,
				3564A97B1FBAB2FA00A49800 /* Release */,
			);
			defaultConfigurationIsVisible = 0;
			defaultConfigurationName = Release;
		};
/* End XCConfigurationList section */
	};
	rootObject = 3564A93F1FBAB2F900A49800 /* Project object */;
}
